// !$*UTF8*$!
{
	archiveVersion = 1;
	classes = {
	};
	objectVersion = 51;
	objects = {

/* Begin PBXBuildFile section */
		0362B090215EC9DB0025C2F8 /* RadioController.swift in Sources */ = {isa = PBXBuildFile; fileRef = 0362B08F215EC9DB0025C2F8 /* RadioController.swift */; };
		03E850DC215EDF6500E23C60 /* ThemeManager.swift in Sources */ = {isa = PBXBuildFile; fileRef = 03E850DB215EDF6500E23C60 /* ThemeManager.swift */; };
		03E850DE215EE8D200E23C60 /* TabController.swift in Sources */ = {isa = PBXBuildFile; fileRef = 03E850DD215EE8D200E23C60 /* TabController.swift */; };
		03E850E0215EEB1800E23C60 /* NavController.swift in Sources */ = {isa = PBXBuildFile; fileRef = 03E850DF215EEB1800E23C60 /* NavController.swift */; };
		03FEAC19216BED89004463F0 /* FavoriteController.swift in Sources */ = {isa = PBXBuildFile; fileRef = 03FEAC18216BED89004463F0 /* FavoriteController.swift */; };
		03FEAC1B216C0629004463F0 /* Util.swift in Sources */ = {isa = PBXBuildFile; fileRef = 03FEAC1A216C0628004463F0 /* Util.swift */; };
		03FF7D5C2160E81F004D3C5D /* DatabaseManager.swift in Sources */ = {isa = PBXBuildFile; fileRef = 03FF7D5B2160E81F004D3C5D /* DatabaseManager.swift */; };
		03FF7D5F2160E879004D3C5D /* RadioKun.xcdatamodeld in Sources */ = {isa = PBXBuildFile; fileRef = 03FF7D5D2160E879004D3C5D /* RadioKun.xcdatamodeld */; };
		03FF7DFD21614DD6004D3C5D /* Song.swift in Sources */ = {isa = PBXBuildFile; fileRef = 03FF7DFC21614DD6004D3C5D /* Song.swift */; };
		03FF7E0021614FB7004D3C5D /* DBUtil.swift in Sources */ = {isa = PBXBuildFile; fileRef = 03FF7DFF21614FB7004D3C5D /* DBUtil.swift */; };
		03FF7E0221616135004D3C5D /* HistoryController.swift in Sources */ = {isa = PBXBuildFile; fileRef = 03FF7E0121616135004D3C5D /* HistoryController.swift */; };
		03FF7E05216182A1004D3C5D /* SongHistoryCell.swift in Sources */ = {isa = PBXBuildFile; fileRef = 03FF7E04216182A1004D3C5D /* SongHistoryCell.swift */; };
		03FF7E072161851E004D3C5D /* SongFavoriteCell.swift in Sources */ = {isa = PBXBuildFile; fileRef = 03FF7E062161851E004D3C5D /* SongFavoriteCell.swift */; };
		03FF7E0921618562004D3C5D /* SongCell.swift in Sources */ = {isa = PBXBuildFile; fileRef = 03FF7E0821618562004D3C5D /* SongCell.swift */; };
		33B140EA1305070E40F5F5FC /* Pods_RadioKun.framework in Frameworks */ = {isa = PBXBuildFile; fileRef = 68917A76F42BDD98DBF612EA /* Pods_RadioKun.framework */; };
		75394A8721726E0E00643B76 /* playpause.json in Resources */ = {isa = PBXBuildFile; fileRef = 75394A8621726E0E00643B76 /* playpause.json */; };
		75394A8921726E6D00643B76 /* audio.json in Resources */ = {isa = PBXBuildFile; fileRef = 75394A8821726E6D00643B76 /* audio.json */; };
		75394A8B21726E9300643B76 /* record.json in Resources */ = {isa = PBXBuildFile; fileRef = 75394A8A21726E9300643B76 /* record.json */; };
		75394A8D21726EA300643B76 /* favourite.json in Resources */ = {isa = PBXBuildFile; fileRef = 75394A8C21726EA300643B76 /* favourite.json */; };
		753CBD8D216A5589002B4D6F /* ResultController.swift in Sources */ = {isa = PBXBuildFile; fileRef = 753CBD8C216A5589002B4D6F /* ResultController.swift */; };
		A24E360E1D5B74F600C98C28 /* LICENSE.MD in Sources */ = {isa = PBXBuildFile; fileRef = A24E360D1D5B74F600C98C28 /* LICENSE.MD */; };
		A2D968871CA512B0009618E1 /* AppDelegate.swift in Sources */ = {isa = PBXBuildFile; fileRef = A2D968861CA512B0009618E1 /* AppDelegate.swift */; };
		A2D9688C1CA512B0009618E1 /* Main.storyboard in Resources */ = {isa = PBXBuildFile; fileRef = A2D9688A1CA512B0009618E1 /* Main.storyboard */; };
		A2D9688E1CA512B0009618E1 /* Assets.xcassets in Resources */ = {isa = PBXBuildFile; fileRef = A2D9688D1CA512B0009618E1 /* Assets.xcassets */; };
		A2D968911CA512B0009618E1 /* LaunchScreen.storyboard in Resources */ = {isa = PBXBuildFile; fileRef = A2D9688F1CA512B0009618E1 /* LaunchScreen.storyboard */; };
		A2D968B91CA51EC0009618E1 /* AVFoundation.framework in Frameworks */ = {isa = PBXBuildFile; fileRef = A2D968B81CA51EC0009618E1 /* AVFoundation.framework */; };
		A2D968BB1CA51ED6009618E1 /* Security.framework in Frameworks */ = {isa = PBXBuildFile; fileRef = A2D968BA1CA51ED6009618E1 /* Security.framework */; };
		A2D968BD1CA51EE1009618E1 /* AudioToolbox.framework in Frameworks */ = {isa = PBXBuildFile; fileRef = A2D968BC1CA51EE1009618E1 /* AudioToolbox.framework */; };
		A2D968C51CA655D9009618E1 /* libACRCloud_IOS_SDK.a in Frameworks */ = {isa = PBXBuildFile; fileRef = A2D968C41CA655D9009618E1 /* libACRCloud_IOS_SDK.a */; };
		A2D968C71CA6560D009618E1 /* libc++.tbd in Frameworks */ = {isa = PBXBuildFile; fileRef = A2D968C61CA6560D009618E1 /* libc++.tbd */; };
/* End PBXBuildFile section */

/* Begin PBXFileReference section */
		0362B08F215EC9DB0025C2F8 /* RadioController.swift */ = {isa = PBXFileReference; fileEncoding = 4; lastKnownFileType = sourcecode.swift; path = RadioController.swift; sourceTree = "<group>"; };
		03E850DB215EDF6500E23C60 /* ThemeManager.swift */ = {isa = PBXFileReference; lastKnownFileType = sourcecode.swift; path = ThemeManager.swift; sourceTree = "<group>"; };
		03E850DD215EE8D200E23C60 /* TabController.swift */ = {isa = PBXFileReference; lastKnownFileType = sourcecode.swift; path = TabController.swift; sourceTree = "<group>"; };
		03E850DF215EEB1800E23C60 /* NavController.swift */ = {isa = PBXFileReference; lastKnownFileType = sourcecode.swift; path = NavController.swift; sourceTree = "<group>"; };
		03FEAC18216BED89004463F0 /* FavoriteController.swift */ = {isa = PBXFileReference; lastKnownFileType = sourcecode.swift; path = FavoriteController.swift; sourceTree = "<group>"; };
		03FEAC1A216C0628004463F0 /* Util.swift */ = {isa = PBXFileReference; lastKnownFileType = sourcecode.swift; path = Util.swift; sourceTree = "<group>"; };
		03FF7D5B2160E81F004D3C5D /* DatabaseManager.swift */ = {isa = PBXFileReference; lastKnownFileType = sourcecode.swift; path = DatabaseManager.swift; sourceTree = "<group>"; };
		03FF7D5E2160E879004D3C5D /* ACRCloudeDemo_Swift.xcdatamodel */ = {isa = PBXFileReference; lastKnownFileType = wrapper.xcdatamodel; path = ACRCloudeDemo_Swift.xcdatamodel; sourceTree = "<group>"; };
		03FF7DFC21614DD6004D3C5D /* Song.swift */ = {isa = PBXFileReference; lastKnownFileType = sourcecode.swift; path = Song.swift; sourceTree = "<group>"; };
		03FF7DFF21614FB7004D3C5D /* DBUtil.swift */ = {isa = PBXFileReference; lastKnownFileType = sourcecode.swift; path = DBUtil.swift; sourceTree = "<group>"; };
		03FF7E0121616135004D3C5D /* HistoryController.swift */ = {isa = PBXFileReference; lastKnownFileType = sourcecode.swift; path = HistoryController.swift; sourceTree = "<group>"; };
		03FF7E04216182A1004D3C5D /* SongHistoryCell.swift */ = {isa = PBXFileReference; lastKnownFileType = sourcecode.swift; path = SongHistoryCell.swift; sourceTree = "<group>"; };
		03FF7E062161851E004D3C5D /* SongFavoriteCell.swift */ = {isa = PBXFileReference; lastKnownFileType = sourcecode.swift; path = SongFavoriteCell.swift; sourceTree = "<group>"; };
		03FF7E0821618562004D3C5D /* SongCell.swift */ = {isa = PBXFileReference; lastKnownFileType = sourcecode.swift; path = SongCell.swift; sourceTree = "<group>"; };
		55C2D8CE04CCA756BAD76308 /* Pods-RadioKun.release.xcconfig */ = {isa = PBXFileReference; includeInIndex = 1; lastKnownFileType = text.xcconfig; name = "Pods-RadioKun.release.xcconfig"; path = "Target Support Files/Pods-RadioKun/Pods-RadioKun.release.xcconfig"; sourceTree = "<group>"; };
		5C859CE5ACFB473D5C29F8A7 /* Pods-RadioKun.debug.xcconfig */ = {isa = PBXFileReference; includeInIndex = 1; lastKnownFileType = text.xcconfig; name = "Pods-RadioKun.debug.xcconfig"; path = "Target Support Files/Pods-RadioKun/Pods-RadioKun.debug.xcconfig"; sourceTree = "<group>"; };
		68917A76F42BDD98DBF612EA /* Pods_RadioKun.framework */ = {isa = PBXFileReference; explicitFileType = wrapper.framework; includeInIndex = 0; path = Pods_RadioKun.framework; sourceTree = BUILT_PRODUCTS_DIR; };
		75394A8621726E0E00643B76 /* playpause.json */ = {isa = PBXFileReference; fileEncoding = 4; lastKnownFileType = text.json; path = playpause.json; sourceTree = "<group>"; };
		75394A8821726E6D00643B76 /* audio.json */ = {isa = PBXFileReference; fileEncoding = 4; lastKnownFileType = text.json; path = audio.json; sourceTree = "<group>"; };
		75394A8A21726E9300643B76 /* record.json */ = {isa = PBXFileReference; fileEncoding = 4; lastKnownFileType = text.json; path = record.json; sourceTree = "<group>"; };
		75394A8C21726EA300643B76 /* favourite.json */ = {isa = PBXFileReference; fileEncoding = 4; lastKnownFileType = text.json; path = favourite.json; sourceTree = "<group>"; };
		753CBD8C216A5589002B4D6F /* ResultController.swift */ = {isa = PBXFileReference; lastKnownFileType = sourcecode.swift; path = ResultController.swift; sourceTree = "<group>"; };
		A24E360D1D5B74F600C98C28 /* LICENSE.MD */ = {isa = PBXFileReference; fileEncoding = 4; lastKnownFileType = net.daringfireball.markdown; path = LICENSE.MD; sourceTree = "<group>"; };
		A2D968831CA512AF009618E1 /* RadioKun.app */ = {isa = PBXFileReference; explicitFileType = wrapper.application; includeInIndex = 0; path = RadioKun.app; sourceTree = BUILT_PRODUCTS_DIR; };
		A2D968861CA512B0009618E1 /* AppDelegate.swift */ = {isa = PBXFileReference; lastKnownFileType = sourcecode.swift; path = AppDelegate.swift; sourceTree = "<group>"; };
		A2D9688B1CA512B0009618E1 /* Base */ = {isa = PBXFileReference; lastKnownFileType = file.storyboard; name = Base; path = Base.lproj/Main.storyboard; sourceTree = "<group>"; };
		A2D9688D1CA512B0009618E1 /* Assets.xcassets */ = {isa = PBXFileReference; lastKnownFileType = folder.assetcatalog; path = Assets.xcassets; sourceTree = "<group>"; };
		A2D968901CA512B0009618E1 /* Base */ = {isa = PBXFileReference; lastKnownFileType = file.storyboard; name = Base; path = Base.lproj/LaunchScreen.storyboard; sourceTree = "<group>"; };
		A2D968921CA512B0009618E1 /* Info.plist */ = {isa = PBXFileReference; lastKnownFileType = text.plist.xml; path = Info.plist; sourceTree = "<group>"; };
		A2D968B41CA51E5F009618E1 /* ACRCloudConfig.h */ = {isa = PBXFileReference; fileEncoding = 4; lastKnownFileType = sourcecode.c.h; path = ACRCloudConfig.h; sourceTree = "<group>"; };
		A2D968B51CA51E5F009618E1 /* ACRCloudRecognition.h */ = {isa = PBXFileReference; fileEncoding = 4; lastKnownFileType = sourcecode.c.h; path = ACRCloudRecognition.h; sourceTree = "<group>"; };
		A2D968B81CA51EC0009618E1 /* AVFoundation.framework */ = {isa = PBXFileReference; lastKnownFileType = wrapper.framework; name = AVFoundation.framework; path = System/Library/Frameworks/AVFoundation.framework; sourceTree = SDKROOT; };
		A2D968BA1CA51ED6009618E1 /* Security.framework */ = {isa = PBXFileReference; lastKnownFileType = wrapper.framework; name = Security.framework; path = System/Library/Frameworks/Security.framework; sourceTree = SDKROOT; };
		A2D968BC1CA51EE1009618E1 /* AudioToolbox.framework */ = {isa = PBXFileReference; lastKnownFileType = wrapper.framework; name = AudioToolbox.framework; path = System/Library/Frameworks/AudioToolbox.framework; sourceTree = SDKROOT; };
		A2D968BF1CA53B57009618E1 /* ACRCloudDemo_Swift-Bridging-Header.h */ = {isa = PBXFileReference; lastKnownFileType = sourcecode.c.h; path = "ACRCloudDemo_Swift-Bridging-Header.h"; sourceTree = SOURCE_ROOT; };
		A2D968C41CA655D9009618E1 /* libACRCloud_IOS_SDK.a */ = {isa = PBXFileReference; lastKnownFileType = archive.ar; path = libACRCloud_IOS_SDK.a; sourceTree = "<group>"; };
		A2D968C61CA6560D009618E1 /* libc++.tbd */ = {isa = PBXFileReference; lastKnownFileType = "sourcecode.text-based-dylib-definition"; name = "libc++.tbd"; path = "usr/lib/libc++.tbd"; sourceTree = SDKROOT; };
/* End PBXFileReference section */

/* Begin PBXFrameworksBuildPhase section */
		A2D968801CA512AF009618E1 /* Frameworks */ = {
			isa = PBXFrameworksBuildPhase;
			buildActionMask = 2147483647;
			files = (
				A2D968C71CA6560D009618E1 /* libc++.tbd in Frameworks */,
				A2D968BD1CA51EE1009618E1 /* AudioToolbox.framework in Frameworks */,
				A2D968BB1CA51ED6009618E1 /* Security.framework in Frameworks */,
				A2D968B91CA51EC0009618E1 /* AVFoundation.framework in Frameworks */,
				A2D968C51CA655D9009618E1 /* libACRCloud_IOS_SDK.a in Frameworks */,
				33B140EA1305070E40F5F5FC /* Pods_RadioKun.framework in Frameworks */,
			);
			runOnlyForDeploymentPostprocessing = 0;
		};
/* End PBXFrameworksBuildPhase section */

/* Begin PBXGroup section */
		0362B091215ED4D20025C2F8 /* recognitionStuff */ = {
			isa = PBXGroup;
			children = (
				A2D968B41CA51E5F009618E1 /* ACRCloudConfig.h */,
				A2D968B51CA51E5F009618E1 /* ACRCloudRecognition.h */,
			);
			path = recognitionStuff;
			sourceTree = "<group>";
		};
		0362B092215ED4E70025C2F8 /* controllers */ = {
			isa = PBXGroup;
			children = (
				0362B08F215EC9DB0025C2F8 /* RadioController.swift */,
				03FF7E0121616135004D3C5D /* HistoryController.swift */,
				03FEAC18216BED89004463F0 /* FavoriteController.swift */,
				03E850DD215EE8D200E23C60 /* TabController.swift */,
				03E850DF215EEB1800E23C60 /* NavController.swift */,
				753CBD8C216A5589002B4D6F /* ResultController.swift */,
			);
			path = controllers;
			sourceTree = "<group>";
		};
		03FF7DFE21614DE4004D3C5D /* model */ = {
			isa = PBXGroup;
			children = (
				03FF7DFC21614DD6004D3C5D /* Song.swift */,
				03FF7DFF21614FB7004D3C5D /* DBUtil.swift */,
			);
			path = model;
			sourceTree = "<group>";
		};
		03FF7E0321618256004D3C5D /* view */ = {
			isa = PBXGroup;
			children = (
				03FF7E04216182A1004D3C5D /* SongHistoryCell.swift */,
				03FF7E062161851E004D3C5D /* SongFavoriteCell.swift */,
				03FF7E0821618562004D3C5D /* SongCell.swift */,
			);
			path = view;
			sourceTree = "<group>";
		};
		31E37F863A748E8F6A0DA790 /* Pods */ = {
			isa = PBXGroup;
			children = (
				5C859CE5ACFB473D5C29F8A7 /* Pods-RadioKun.debug.xcconfig */,
				55C2D8CE04CCA756BAD76308 /* Pods-RadioKun.release.xcconfig */,
			);
			path = Pods;
			sourceTree = "<group>";
		};
		A2D9687A1CA512AF009618E1 = {
			isa = PBXGroup;
			children = (
				A2D968C61CA6560D009618E1 /* libc++.tbd */,
				A2D968C41CA655D9009618E1 /* libACRCloud_IOS_SDK.a */,
				A2D968BC1CA51EE1009618E1 /* AudioToolbox.framework */,
				A2D968BA1CA51ED6009618E1 /* Security.framework */,
				A2D968B81CA51EC0009618E1 /* AVFoundation.framework */,
				A2D968851CA512B0009618E1 /* RadioKun */,
				A2D968841CA512AF009618E1 /* Products */,
				31E37F863A748E8F6A0DA790 /* Pods */,
				BC602D38462C3AD39A7A68D9 /* Frameworks */,
			);
			sourceTree = "<group>";
		};
		A2D968841CA512AF009618E1 /* Products */ = {
			isa = PBXGroup;
			children = (
				A2D968831CA512AF009618E1 /* RadioKun.app */,
			);
			name = Products;
			sourceTree = "<group>";
		};
		A2D968851CA512B0009618E1 /* RadioKun */ = {
			isa = PBXGroup;
			children = (
				A2D968BF1CA53B57009618E1 /* ACRCloudDemo_Swift-Bridging-Header.h */,
				0362B091215ED4D20025C2F8 /* recognitionStuff */,
				A2D968861CA512B0009618E1 /* AppDelegate.swift */,
				03E850DB215EDF6500E23C60 /* ThemeManager.swift */,
				03FEAC1A216C0628004463F0 /* Util.swift */,
				03FF7D5B2160E81F004D3C5D /* DatabaseManager.swift */,
				75394A8C21726EA300643B76 /* favourite.json */,
				75394A8A21726E9300643B76 /* record.json */,
				75394A8821726E6D00643B76 /* audio.json */,
				75394A8621726E0E00643B76 /* playpause.json */,
				0362B092215ED4E70025C2F8 /* controllers */,
				03FF7DFE21614DE4004D3C5D /* model */,
				03FF7E0321618256004D3C5D /* view */,
				A2D9688A1CA512B0009618E1 /* Main.storyboard */,
				A24E360D1D5B74F600C98C28 /* LICENSE.MD */,
				A2D9688D1CA512B0009618E1 /* Assets.xcassets */,
				A2D9688F1CA512B0009618E1 /* LaunchScreen.storyboard */,
				A2D968921CA512B0009618E1 /* Info.plist */,
				03FF7D5D2160E879004D3C5D /* RadioKun.xcdatamodeld */,
			);
			path = RadioKun;
			sourceTree = "<group>";
		};
		BC602D38462C3AD39A7A68D9 /* Frameworks */ = {
			isa = PBXGroup;
			children = (
				68917A76F42BDD98DBF612EA /* Pods_RadioKun.framework */,
			);
			name = Frameworks;
			sourceTree = "<group>";
		};
/* End PBXGroup section */

/* Begin PBXNativeTarget section */
		A2D968821CA512AF009618E1 /* RadioKun */ = {
			isa = PBXNativeTarget;
			buildConfigurationList = A2D968AB1CA512B0009618E1 /* Build configuration list for PBXNativeTarget "RadioKun" */;
			buildPhases = (
				A28D08966CC3AC239E4668ED /* [CP] Check Pods Manifest.lock */,
				A2D9687F1CA512AF009618E1 /* Sources */,
				A2D968801CA512AF009618E1 /* Frameworks */,
				A2D968811CA512AF009618E1 /* Resources */,
				4AEDC319CBC88ADC42200AC7 /* [CP] Embed Pods Frameworks */,
			);
			buildRules = (
			);
			dependencies = (
			);
			name = RadioKun;
			productName = ACRCloudDemo_Swift;
			productReference = A2D968831CA512AF009618E1 /* RadioKun.app */;
			productType = "com.apple.product-type.application";
		};
/* End PBXNativeTarget section */

/* Begin PBXProject section */
		A2D9687B1CA512AF009618E1 /* Project object */ = {
			isa = PBXProject;
			attributes = {
				LastSwiftUpdateCheck = 0720;
				LastUpgradeCheck = 1000;
				ORGANIZATIONNAME = olym.yin;
				TargetAttributes = {
					A2D968821CA512AF009618E1 = {
						CreatedOnToolsVersion = 7.2.1;
						LastSwiftMigration = 1000;
						SystemCapabilities = {
							com.apple.BackgroundModes = {
								enabled = 1;
							};
						};
					};
				};
			};
			buildConfigurationList = A2D9687E1CA512AF009618E1 /* Build configuration list for PBXProject "RadioKun" */;
			compatibilityVersion = "Xcode 10.0";
			developmentRegion = English;
			hasScannedForEncodings = 0;
			knownRegions = (
				en,
				Base,
			);
			mainGroup = A2D9687A1CA512AF009618E1;
			productRefGroup = A2D968841CA512AF009618E1 /* Products */;
			projectDirPath = "";
			projectRoot = "";
			targets = (
				A2D968821CA512AF009618E1 /* RadioKun */,
			);
		};
/* End PBXProject section */

/* Begin PBXResourcesBuildPhase section */
		A2D968811CA512AF009618E1 /* Resources */ = {
			isa = PBXResourcesBuildPhase;
			buildActionMask = 2147483647;
			files = (
				75394A8721726E0E00643B76 /* playpause.json in Resources */,
				75394A8B21726E9300643B76 /* record.json in Resources */,
				75394A8D21726EA300643B76 /* favourite.json in Resources */,
				A2D968911CA512B0009618E1 /* LaunchScreen.storyboard in Resources */,
				A2D9688E1CA512B0009618E1 /* Assets.xcassets in Resources */,
				A2D9688C1CA512B0009618E1 /* Main.storyboard in Resources */,
				75394A8921726E6D00643B76 /* audio.json in Resources */,
			);
			runOnlyForDeploymentPostprocessing = 0;
		};
/* End PBXResourcesBuildPhase section */

/* Begin PBXShellScriptBuildPhase section */
		4AEDC319CBC88ADC42200AC7 /* [CP] Embed Pods Frameworks */ = {
			isa = PBXShellScriptBuildPhase;
			buildActionMask = 2147483647;
			files = (
			);
			inputFileListPaths = (
			);
			inputPaths = (
				"${PODS_ROOT}/Target Support Files/Pods-RadioKun/Pods-RadioKun-frameworks.sh",
				"${BUILT_PRODUCTS_DIR}/lottie-ios/Lottie.framework",
			);
			name = "[CP] Embed Pods Frameworks";
			outputFileListPaths = (
			);
			outputPaths = (
				"${TARGET_BUILD_DIR}/${FRAMEWORKS_FOLDER_PATH}/Lottie.framework",
			);
			runOnlyForDeploymentPostprocessing = 0;
			shellPath = /bin/sh;
			shellScript = "\"${PODS_ROOT}/Target Support Files/Pods-RadioKun/Pods-RadioKun-frameworks.sh\"\n";
			showEnvVarsInLog = 0;
		};
		A28D08966CC3AC239E4668ED /* [CP] Check Pods Manifest.lock */ = {
			isa = PBXShellScriptBuildPhase;
			buildActionMask = 2147483647;
			files = (
			);
			inputFileListPaths = (
			);
			inputPaths = (
				"${PODS_PODFILE_DIR_PATH}/Podfile.lock",
				"${PODS_ROOT}/Manifest.lock",
			);
			name = "[CP] Check Pods Manifest.lock";
			outputFileListPaths = (
			);
			outputPaths = (
				"$(DERIVED_FILE_DIR)/Pods-RadioKun-checkManifestLockResult.txt",
			);
			runOnlyForDeploymentPostprocessing = 0;
			shellPath = /bin/sh;
			shellScript = "diff \"${PODS_PODFILE_DIR_PATH}/Podfile.lock\" \"${PODS_ROOT}/Manifest.lock\" > /dev/null\nif [ $? != 0 ] ; then\n    # print error to STDERR\n    echo \"error: The sandbox is not in sync with the Podfile.lock. Run 'pod install' or update your CocoaPods installation.\" >&2\n    exit 1\nfi\n# This output is used by Xcode 'outputs' to avoid re-running this script phase.\necho \"SUCCESS\" > \"${SCRIPT_OUTPUT_FILE_0}\"\n";
			showEnvVarsInLog = 0;
		};
/* End PBXShellScriptBuildPhase section */

/* Begin PBXSourcesBuildPhase section */
		A2D9687F1CA512AF009618E1 /* Sources */ = {
			isa = PBXSourcesBuildPhase;
			buildActionMask = 2147483647;
			files = (
				03FF7D5F2160E879004D3C5D /* RadioKun.xcdatamodeld in Sources */,
				03FEAC1B216C0629004463F0 /* Util.swift in Sources */,
				03FF7E05216182A1004D3C5D /* SongHistoryCell.swift in Sources */,
				03E850DC215EDF6500E23C60 /* ThemeManager.swift in Sources */,
				753CBD8D216A5589002B4D6F /* ResultController.swift in Sources */,
				03FF7E0021614FB7004D3C5D /* DBUtil.swift in Sources */,
				03FF7E0221616135004D3C5D /* HistoryController.swift in Sources */,
				03E850DE215EE8D200E23C60 /* TabController.swift in Sources */,
				03FF7DFD21614DD6004D3C5D /* Song.swift in Sources */,
				03E850E0215EEB1800E23C60 /* NavController.swift in Sources */,
				03FF7E072161851E004D3C5D /* SongFavoriteCell.swift in Sources */,
				03FF7E0921618562004D3C5D /* SongCell.swift in Sources */,
				A24E360E1D5B74F600C98C28 /* LICENSE.MD in Sources */,
				03FF7D5C2160E81F004D3C5D /* DatabaseManager.swift in Sources */,
				0362B090215EC9DB0025C2F8 /* RadioController.swift in Sources */,
				A2D968871CA512B0009618E1 /* AppDelegate.swift in Sources */,
				03FEAC19216BED89004463F0 /* FavoriteController.swift in Sources */,
			);
			runOnlyForDeploymentPostprocessing = 0;
		};
/* End PBXSourcesBuildPhase section */

/* Begin PBXVariantGroup section */
		A2D9688A1CA512B0009618E1 /* Main.storyboard */ = {
			isa = PBXVariantGroup;
			children = (
				A2D9688B1CA512B0009618E1 /* Base */,
			);
			name = Main.storyboard;
			sourceTree = "<group>";
		};
		A2D9688F1CA512B0009618E1 /* LaunchScreen.storyboard */ = {
			isa = PBXVariantGroup;
			children = (
				A2D968901CA512B0009618E1 /* Base */,
			);
			name = LaunchScreen.storyboard;
			sourceTree = "<group>";
		};
/* End PBXVariantGroup section */

/* Begin XCBuildConfiguration section */
		A2D968A91CA512B0009618E1 /* Debug */ = {
			isa = XCBuildConfiguration;
			buildSettings = {
				ALWAYS_SEARCH_USER_PATHS = NO;
				CLANG_CXX_LANGUAGE_STANDARD = "gnu++0x";
				CLANG_CXX_LIBRARY = "libc++";
				CLANG_ENABLE_MODULES = YES;
				CLANG_ENABLE_OBJC_ARC = YES;
				CLANG_WARN_BLOCK_CAPTURE_AUTORELEASING = YES;
				CLANG_WARN_BOOL_CONVERSION = YES;
				CLANG_WARN_COMMA = YES;
				CLANG_WARN_CONSTANT_CONVERSION = YES;
				CLANG_WARN_DEPRECATED_OBJC_IMPLEMENTATIONS = YES;
				CLANG_WARN_DIRECT_OBJC_ISA_USAGE = YES_ERROR;
				CLANG_WARN_EMPTY_BODY = YES;
				CLANG_WARN_ENUM_CONVERSION = YES;
				CLANG_WARN_INFINITE_RECURSION = YES;
				CLANG_WARN_INT_CONVERSION = YES;
				CLANG_WARN_NON_LITERAL_NULL_CONVERSION = YES;
				CLANG_WARN_OBJC_IMPLICIT_RETAIN_SELF = YES;
				CLANG_WARN_OBJC_LITERAL_CONVERSION = YES;
				CLANG_WARN_OBJC_ROOT_CLASS = YES_ERROR;
				CLANG_WARN_RANGE_LOOP_ANALYSIS = YES;
				CLANG_WARN_STRICT_PROTOTYPES = YES;
				CLANG_WARN_SUSPICIOUS_MOVE = YES;
				CLANG_WARN_UNREACHABLE_CODE = YES;
				CLANG_WARN__DUPLICATE_METHOD_MATCH = YES;
				"CODE_SIGN_IDENTITY[sdk=iphoneos*]" = "iPhone Developer";
				COPY_PHASE_STRIP = NO;
				DEBUG_INFORMATION_FORMAT = dwarf;
				ENABLE_STRICT_OBJC_MSGSEND = YES;
				ENABLE_TESTABILITY = YES;
				GCC_C_LANGUAGE_STANDARD = gnu99;
				GCC_DYNAMIC_NO_PIC = NO;
				GCC_NO_COMMON_BLOCKS = YES;
				GCC_OPTIMIZATION_LEVEL = 0;
				GCC_PREPROCESSOR_DEFINITIONS = (
					"DEBUG=1",
					"$(inherited)",
				);
				GCC_WARN_64_TO_32_BIT_CONVERSION = YES;
				GCC_WARN_ABOUT_RETURN_TYPE = YES_ERROR;
				GCC_WARN_UNDECLARED_SELECTOR = YES;
				GCC_WARN_UNINITIALIZED_AUTOS = YES_AGGRESSIVE;
				GCC_WARN_UNUSED_FUNCTION = YES;
				GCC_WARN_UNUSED_VARIABLE = YES;
				IPHONEOS_DEPLOYMENT_TARGET = 10.2;
				MTL_ENABLE_DEBUG_INFO = YES;
				ONLY_ACTIVE_ARCH = YES;
				SDKROOT = iphoneos;
				SWIFT_OPTIMIZATION_LEVEL = "-Onone";
				TARGETED_DEVICE_FAMILY = "1,2";
			};
			name = Debug;
		};
		A2D968AA1CA512B0009618E1 /* Release */ = {
			isa = XCBuildConfiguration;
			buildSettings = {
				ALWAYS_SEARCH_USER_PATHS = NO;
				CLANG_CXX_LANGUAGE_STANDARD = "gnu++0x";
				CLANG_CXX_LIBRARY = "libc++";
				CLANG_ENABLE_MODULES = YES;
				CLANG_ENABLE_OBJC_ARC = YES;
				CLANG_WARN_BLOCK_CAPTURE_AUTORELEASING = YES;
				CLANG_WARN_BOOL_CONVERSION = YES;
				CLANG_WARN_COMMA = YES;
				CLANG_WARN_CONSTANT_CONVERSION = YES;
				CLANG_WARN_DEPRECATED_OBJC_IMPLEMENTATIONS = YES;
				CLANG_WARN_DIRECT_OBJC_ISA_USAGE = YES_ERROR;
				CLANG_WARN_EMPTY_BODY = YES;
				CLANG_WARN_ENUM_CONVERSION = YES;
				CLANG_WARN_INFINITE_RECURSION = YES;
				CLANG_WARN_INT_CONVERSION = YES;
				CLANG_WARN_NON_LITERAL_NULL_CONVERSION = YES;
				CLANG_WARN_OBJC_IMPLICIT_RETAIN_SELF = YES;
				CLANG_WARN_OBJC_LITERAL_CONVERSION = YES;
				CLANG_WARN_OBJC_ROOT_CLASS = YES_ERROR;
				CLANG_WARN_RANGE_LOOP_ANALYSIS = YES;
				CLANG_WARN_STRICT_PROTOTYPES = YES;
				CLANG_WARN_SUSPICIOUS_MOVE = YES;
				CLANG_WARN_UNREACHABLE_CODE = YES;
				CLANG_WARN__DUPLICATE_METHOD_MATCH = YES;
				"CODE_SIGN_IDENTITY[sdk=iphoneos*]" = "iPhone Developer";
				COPY_PHASE_STRIP = NO;
				DEBUG_INFORMATION_FORMAT = "dwarf-with-dsym";
				ENABLE_NS_ASSERTIONS = NO;
				ENABLE_STRICT_OBJC_MSGSEND = YES;
				GCC_C_LANGUAGE_STANDARD = gnu99;
				GCC_NO_COMMON_BLOCKS = YES;
				GCC_WARN_64_TO_32_BIT_CONVERSION = YES;
				GCC_WARN_ABOUT_RETURN_TYPE = YES_ERROR;
				GCC_WARN_UNDECLARED_SELECTOR = YES;
				GCC_WARN_UNINITIALIZED_AUTOS = YES_AGGRESSIVE;
				GCC_WARN_UNUSED_FUNCTION = YES;
				GCC_WARN_UNUSED_VARIABLE = YES;
				IPHONEOS_DEPLOYMENT_TARGET = 10.2;
				MTL_ENABLE_DEBUG_INFO = NO;
				SDKROOT = iphoneos;
				SWIFT_COMPILATION_MODE = wholemodule;
				TARGETED_DEVICE_FAMILY = "1,2";
				VALIDATE_PRODUCT = YES;
			};
			name = Release;
		};
		A2D968AC1CA512B0009618E1 /* Debug */ = {
			isa = XCBuildConfiguration;
			baseConfigurationReference = 5C859CE5ACFB473D5C29F8A7 /* Pods-RadioKun.debug.xcconfig */;
			buildSettings = {
				ASSETCATALOG_COMPILER_APPICON_NAME = AppIcon;
				CLANG_ENABLE_MODULES = YES;
				CODE_SIGN_IDENTITY = "iPhone Developer";
				"CODE_SIGN_IDENTITY[sdk=iphoneos*]" = "iPhone Developer";
				DEVELOPMENT_TEAM = "";
				INFOPLIST_FILE = RadioKun/Info.plist;
				LD_RUNPATH_SEARCH_PATHS = (
					"$(inherited)",
					"@executable_path/Frameworks",
				);
				LIBRARY_SEARCH_PATHS = (
					"$(inherited)",
					"$(PROJECT_DIR)",
					"$(PROJECT_DIR)/RadioKun",
				);
				PRODUCT_BUNDLE_IDENTIFIER = com.radiokun;
				PRODUCT_NAME = "$(TARGET_NAME)";
				PROVISIONING_PROFILE = "";
				SWIFT_OBJC_BRIDGING_HEADER = "ACRCloudDemo_Swift-Bridging-Header.h";
				SWIFT_OPTIMIZATION_LEVEL = "-Onone";
				SWIFT_SWIFT3_OBJC_INFERENCE = On;
				SWIFT_VERSION = 4.2;
			};
			name = Debug;
		};
		A2D968AD1CA512B0009618E1 /* Release */ = {
			isa = XCBuildConfiguration;
			baseConfigurationReference = 55C2D8CE04CCA756BAD76308 /* Pods-RadioKun.release.xcconfig */;
			buildSettings = {
				ASSETCATALOG_COMPILER_APPICON_NAME = AppIcon;
				CLANG_ENABLE_MODULES = YES;
				CODE_SIGN_IDENTITY = "iPhone Developer";
				"CODE_SIGN_IDENTITY[sdk=iphoneos*]" = "iPhone Developer";
				DEVELOPMENT_TEAM = "";
				INFOPLIST_FILE = RadioKun/Info.plist;
				LD_RUNPATH_SEARCH_PATHS = (
					"$(inherited)",
					"@executable_path/Frameworks",
				);
				LIBRARY_SEARCH_PATHS = (
					"$(inherited)",
					"$(PROJECT_DIR)",
					"$(PROJECT_DIR)/RadioKun",
				);
				PRODUCT_BUNDLE_IDENTIFIER = com.radiokun;
				PRODUCT_NAME = "$(TARGET_NAME)";
				PROVISIONING_PROFILE = "";
				SWIFT_OBJC_BRIDGING_HEADER = "ACRCloudDemo_Swift-Bridging-Header.h";
				SWIFT_SWIFT3_OBJC_INFERENCE = On;
				SWIFT_VERSION = 4.2;
			};
			name = Release;
		};
/* End XCBuildConfiguration section */

/* Begin XCConfigurationList section */
		A2D9687E1CA512AF009618E1 /* Build configuration list for PBXProject "RadioKun" */ = {
			isa = XCConfigurationList;
			buildConfigurations = (
				A2D968A91CA512B0009618E1 /* Debug */,
				A2D968AA1CA512B0009618E1 /* Release */,
			);
			defaultConfigurationIsVisible = 0;
			defaultConfigurationName = Release;
		};
		A2D968AB1CA512B0009618E1 /* Build configuration list for PBXNativeTarget "RadioKun" */ = {
			isa = XCConfigurationList;
			buildConfigurations = (
				A2D968AC1CA512B0009618E1 /* Debug */,
				A2D968AD1CA512B0009618E1 /* Release */,
			);
			defaultConfigurationIsVisible = 0;
			defaultConfigurationName = Release;
		};
/* End XCConfigurationList section */

/* Begin XCVersionGroup section */
		03FF7D5D2160E879004D3C5D /* RadioKun.xcdatamodeld */ = {
			isa = XCVersionGroup;
			children = (
				03FF7D5E2160E879004D3C5D /* ACRCloudeDemo_Swift.xcdatamodel */,
			);
			currentVersion = 03FF7D5E2160E879004D3C5D /* ACRCloudeDemo_Swift.xcdatamodel */;
			path = RadioKun.xcdatamodeld;
			sourceTree = "<group>";
			versionGroupType = wrapper.xcdatamodel;
		};
/* End XCVersionGroup section */
	};
	rootObject = A2D9687B1CA512AF009618E1 /* Project object */;
}
